// !$*UTF8*$!
{
	archiveVersion = 1;
	classes = {
	};
	objectVersion = 46;
	objects = {

/* Begin PBXBuildFile section */
		8043D4501E6D9E3C000098F1 /* AppDelegate.swift in Sources */ = {isa = PBXBuildFile; fileRef = 8043D44F1E6D9E3C000098F1 /* AppDelegate.swift */; };
		8043D4521E6D9E3C000098F1 /* ViewController.swift in Sources */ = {isa = PBXBuildFile; fileRef = 8043D4511E6D9E3C000098F1 /* ViewController.swift */; };
		8043D4551E6D9E3C000098F1 /* Main.storyboard in Resources */ = {isa = PBXBuildFile; fileRef = 8043D4531E6D9E3C000098F1 /* Main.storyboard */; };
		8043D4581E6D9E3C000098F1 /* LetDoIt.xcdatamodeld in Sources */ = {isa = PBXBuildFile; fileRef = 8043D4561E6D9E3C000098F1 /* LetDoIt.xcdatamodeld */; };
		8043D45A1E6D9E3C000098F1 /* Assets.xcassets in Resources */ = {isa = PBXBuildFile; fileRef = 8043D4591E6D9E3C000098F1 /* Assets.xcassets */; };
		8043D45D1E6D9E3C000098F1 /* LaunchScreen.storyboard in Resources */ = {isa = PBXBuildFile; fileRef = 8043D45B1E6D9E3C000098F1 /* LaunchScreen.storyboard */; };
		8043D4681E6D9E3C000098F1 /* LetDoItTests.swift in Sources */ = {isa = PBXBuildFile; fileRef = 8043D4671E6D9E3C000098F1 /* LetDoItTests.swift */; };
		8043D4731E6D9E3C000098F1 /* LetDoItUITests.swift in Sources */ = {isa = PBXBuildFile; fileRef = 8043D4721E6D9E3C000098F1 /* LetDoItUITests.swift */; };
/* End PBXBuildFile section */

/* Begin PBXContainerItemProxy section */
		8043D4641E6D9E3C000098F1 /* PBXContainerItemProxy */ = {
			isa = PBXContainerItemProxy;
			containerPortal = 8043D4441E6D9E3C000098F1 /* Project object */;
			proxyType = 1;
			remoteGlobalIDString = 8043D44B1E6D9E3C000098F1;
			remoteInfo = LetDoIt;
		};
		8043D46F1E6D9E3C000098F1 /* PBXContainerItemProxy */ = {
			isa = PBXContainerItemProxy;
			containerPortal = 8043D4441E6D9E3C000098F1 /* Project object */;
			proxyType = 1;
			remoteGlobalIDString = 8043D44B1E6D9E3C000098F1;
			remoteInfo = LetDoIt;
		};
/* End PBXContainerItemProxy section */

/* Begin PBXFileReference section */
		8043D44C1E6D9E3C000098F1 /* LetDoIt.app */ = {isa = PBXFileReference; explicitFileType = wrapper.application; includeInIndex = 0; path = LetDoIt.app; sourceTree = BUILT_PRODUCTS_DIR; };
		8043D44F1E6D9E3C000098F1 /* AppDelegate.swift */ = {isa = PBXFileReference; lastKnownFileType = sourcecode.swift; path = AppDelegate.swift; sourceTree = "<group>"; };
		8043D4511E6D9E3C000098F1 /* ViewController.swift */ = {isa = PBXFileReference; lastKnownFileType = sourcecode.swift; path = ViewController.swift; sourceTree = "<group>"; };
		8043D4541E6D9E3C000098F1 /* Base */ = {isa = PBXFileReference; lastKnownFileType = file.storyboard; name = Base; path = Base.lproj/Main.storyboard; sourceTree = "<group>"; };
		8043D4571E6D9E3C000098F1 /* LetDoIt.xcdatamodel */ = {isa = PBXFileReference; lastKnownFileType = wrapper.xcdatamodel; path = LetDoIt.xcdatamodel; sourceTree = "<group>"; };
		8043D4591E6D9E3C000098F1 /* Assets.xcassets */ = {isa = PBXFileReference; lastKnownFileType = folder.assetcatalog; path = Assets.xcassets; sourceTree = "<group>"; };
		8043D45C1E6D9E3C000098F1 /* Base */ = {isa = PBXFileReference; lastKnownFileType = file.storyboard; name = Base; path = Base.lproj/LaunchScreen.storyboard; sourceTree = "<group>"; };
		8043D45E1E6D9E3C000098F1 /* Info.plist */ = {isa = PBXFileReference; lastKnownFileType = text.plist.xml; path = Info.plist; sourceTree = "<group>"; };
		8043D4631E6D9E3C000098F1 /* LetDoItTests.xctest */ = {isa = PBXFileReference; explicitFileType = wrapper.cfbundle; includeInIndex = 0; path = LetDoItTests.xctest; sourceTree = BUILT_PRODUCTS_DIR; };
		8043D4671E6D9E3C000098F1 /* LetDoItTests.swift */ = {isa = PBXFileReference; lastKnownFileType = sourcecode.swift; path = LetDoItTests.swift; sourceTree = "<group>"; };
		8043D4691E6D9E3C000098F1 /* Info.plist */ = {isa = PBXFileReference; lastKnownFileType = text.plist.xml; path = Info.plist; sourceTree = "<group>"; };
		8043D46E1E6D9E3C000098F1 /* LetDoItUITests.xctest */ = {isa = PBXFileReference; explicitFileType = wrapper.cfbundle; includeInIndex = 0; path = LetDoItUITests.xctest; sourceTree = BUILT_PRODUCTS_DIR; };
		8043D4721E6D9E3C000098F1 /* LetDoItUITests.swift */ = {isa = PBXFileReference; lastKnownFileType = sourcecode.swift; path = LetDoItUITests.swift; sourceTree = "<group>"; };
		8043D4741E6D9E3C000098F1 /* Info.plist */ = {isa = PBXFileReference; lastKnownFileType = text.plist.xml; path = Info.plist; sourceTree = "<group>"; };
/* End PBXFileReference section */

/* Begin PBXFrameworksBuildPhase section */
		8043D4491E6D9E3C000098F1 /* Frameworks */ = {
			isa = PBXFrameworksBuildPhase;
			buildActionMask = 2147483647;
			files = (
			);
			runOnlyForDeploymentPostprocessing = 0;
		};
		8043D4601E6D9E3C000098F1 /* Frameworks */ = {
			isa = PBXFrameworksBuildPhase;
			buildActionMask = 2147483647;
			files = (
			);
			runOnlyForDeploymentPostprocessing = 0;
		};
		8043D46B1E6D9E3C000098F1 /* Frameworks */ = {
			isa = PBXFrameworksBuildPhase;
			buildActionMask = 2147483647;
			files = (
			);
			runOnlyForDeploymentPostprocessing = 0;
		};
/* End PBXFrameworksBuildPhase section */

/* Begin PBXGroup section */
		8043D4431E6D9E3C000098F1 = {
			isa = PBXGroup;
			children = (
				8043D44E1E6D9E3C000098F1 /* LetDoIt */,
				8043D4661E6D9E3C000098F1 /* LetDoItTests */,
				8043D4711E6D9E3C000098F1 /* LetDoItUITests */,
				8043D44D1E6D9E3C000098F1 /* Products */,
			);
			sourceTree = "<group>";
		};
		8043D44D1E6D9E3C000098F1 /* Products */ = {
			isa = PBXGroup;
			children = (
				8043D44C1E6D9E3C000098F1 /* LetDoIt.app */,
				8043D4631E6D9E3C000098F1 /* LetDoItTests.xctest */,
				8043D46E1E6D9E3C000098F1 /* LetDoItUITests.xctest */,
			);
			name = Products;
			sourceTree = "<group>";
		};
		8043D44E1E6D9E3C000098F1 /* LetDoIt */ = {
			isa = PBXGroup;
			children = (
				8043D44F1E6D9E3C000098F1 /* AppDelegate.swift */,
				8043D4511E6D9E3C000098F1 /* ViewController.swift */,
				8043D4531E6D9E3C000098F1 /* Main.storyboard */,
				8043D4591E6D9E3C000098F1 /* Assets.xcassets */,
				8043D45B1E6D9E3C000098F1 /* LaunchScreen.storyboard */,
				8043D45E1E6D9E3C000098F1 /* Info.plist */,
				8043D4561E6D9E3C000098F1 /* LetDoIt.xcdatamodeld */,
			);
			path = LetDoIt;
			sourceTree = "<group>";
		};
		8043D4661E6D9E3C000098F1 /* LetDoItTests */ = {
			isa = PBXGroup;
			children = (
				8043D4671E6D9E3C000098F1 /* LetDoItTests.swift */,
				8043D4691E6D9E3C000098F1 /* Info.plist */,
			);
			path = LetDoItTests;
			sourceTree = "<group>";
		};
		8043D4711E6D9E3C000098F1 /* LetDoItUITests */ = {
			isa = PBXGroup;
			children = (
				8043D4721E6D9E3C000098F1 /* LetDoItUITests.swift */,
				8043D4741E6D9E3C000098F1 /* Info.plist */,
			);
			path = LetDoItUITests;
			sourceTree = "<group>";
		};
/* End PBXGroup section */

/* Begin PBXNativeTarget section */
		8043D44B1E6D9E3C000098F1 /* LetDoIt */ = {
			isa = PBXNativeTarget;
			buildConfigurationList = 8043D4771E6D9E3C000098F1 /* Build configuration list for PBXNativeTarget "LetDoIt" */;
			buildPhases = (
				8043D4481E6D9E3C000098F1 /* Sources */,
				8043D4491E6D9E3C000098F1 /* Frameworks */,
				8043D44A1E6D9E3C000098F1 /* Resources */,
			);
			buildRules = (
			);
			dependencies = (
			);
			name = LetDoIt;
			productName = LetDoIt;
			productReference = 8043D44C1E6D9E3C000098F1 /* LetDoIt.app */;
			productType = "com.apple.product-type.application";
		};
		8043D4621E6D9E3C000098F1 /* LetDoItTests */ = {
			isa = PBXNativeTarget;
			buildConfigurationList = 8043D47A1E6D9E3C000098F1 /* Build configuration list for PBXNativeTarget "LetDoItTests" */;
			buildPhases = (
				8043D45F1E6D9E3C000098F1 /* Sources */,
				8043D4601E6D9E3C000098F1 /* Frameworks */,
				8043D4611E6D9E3C000098F1 /* Resources */,
			);
			buildRules = (
			);
			dependencies = (
				8043D4651E6D9E3C000098F1 /* PBXTargetDependency */,
			);
			name = LetDoItTests;
			productName = LetDoItTests;
			productReference = 8043D4631E6D9E3C000098F1 /* LetDoItTests.xctest */;
			productType = "com.apple.product-type.bundle.unit-test";
		};
		8043D46D1E6D9E3C000098F1 /* LetDoItUITests */ = {
			isa = PBXNativeTarget;
			buildConfigurationList = 8043D47D1E6D9E3C000098F1 /* Build configuration list for PBXNativeTarget "LetDoItUITests" */;
			buildPhases = (
				8043D46A1E6D9E3C000098F1 /* Sources */,
				8043D46B1E6D9E3C000098F1 /* Frameworks */,
				8043D46C1E6D9E3C000098F1 /* Resources */,
			);
			buildRules = (
			);
			dependencies = (
				8043D4701E6D9E3C000098F1 /* PBXTargetDependency */,
			);
			name = LetDoItUITests;
			productName = LetDoItUITests;
			productReference = 8043D46E1E6D9E3C000098F1 /* LetDoItUITests.xctest */;
			productType = "com.apple.product-type.bundle.ui-testing";
		};
/* End PBXNativeTarget section */

/* Begin PBXProject section */
		8043D4441E6D9E3C000098F1 /* Project object */ = {
			isa = PBXProject;
			attributes = {
				LastSwiftUpdateCheck = 0820;
				LastUpgradeCheck = 0820;
				ORGANIZATIONNAME = "The Elder Company";
				TargetAttributes = {
					8043D44B1E6D9E3C000098F1 = {
						CreatedOnToolsVersion = 8.2.1;
						DevelopmentTeam = 99WH395BKY;
						ProvisioningStyle = Automatic;
					};
					8043D4621E6D9E3C000098F1 = {
						CreatedOnToolsVersion = 8.2.1;
						DevelopmentTeam = 99WH395BKY;
						ProvisioningStyle = Automatic;
						TestTargetID = 8043D44B1E6D9E3C000098F1;
					};
					8043D46D1E6D9E3C000098F1 = {
						CreatedOnToolsVersion = 8.2.1;
						DevelopmentTeam = 99WH395BKY;
						ProvisioningStyle = Automatic;
						TestTargetID = 8043D44B1E6D9E3C000098F1;
					};
				};
			};
			buildConfigurationList = 8043D4471E6D9E3C000098F1 /* Build configuration list for PBXProject "LetDoIt" */;
			compatibilityVersion = "Xcode 3.2";
			developmentRegion = English;
			hasScannedForEncodings = 0;
			knownRegions = (
				en,
				Base,
			);
			mainGroup = 8043D4431E6D9E3C000098F1;
			productRefGroup = 8043D44D1E6D9E3C000098F1 /* Products */;
			projectDirPath = "";
			projectRoot = "";
			targets = (
				8043D44B1E6D9E3C000098F1 /* LetDoIt */,
				8043D4621E6D9E3C000098F1 /* LetDoItTests */,
				8043D46D1E6D9E3C000098F1 /* LetDoItUITests */,
			);
		};
/* End PBXProject section */

/* Begin PBXResourcesBuildPhase section */
		8043D44A1E6D9E3C000098F1 /* Resources */ = {
			isa = PBXResourcesBuildPhase;
			buildActionMask = 2147483647;
			files = (
				8043D45D1E6D9E3C000098F1 /* LaunchScreen.storyboard in Resources */,
				8043D45A1E6D9E3C000098F1 /* Assets.xcassets in Resources */,
				8043D4551E6D9E3C000098F1 /* Main.storyboard in Resources */,
			);
			runOnlyForDeploymentPostprocessing = 0;
		};
		8043D4611E6D9E3C000098F1 /* Resources */ = {
			isa = PBXResourcesBuildPhase;
			buildActionMask = 2147483647;
			files = (
			);
			runOnlyForDeploymentPostprocessing = 0;
		};
		8043D46C1E6D9E3C000098F1 /* Resources */ = {
			isa = PBXResourcesBuildPhase;
			buildActionMask = 2147483647;
			files = (
			);
			runOnlyForDeploymentPostprocessing = 0;
		};
/* End PBXResourcesBuildPhase section */

/* Begin PBXSourcesBuildPhase section */
		8043D4481E6D9E3C000098F1 /* Sources */ = {
			isa = PBXSourcesBuildPhase;
			buildActionMask = 2147483647;
			files = (
				8043D4521E6D9E3C000098F1 /* ViewController.swift in Sources */,
				8043D4581E6D9E3C000098F1 /* LetDoIt.xcdatamodeld in Sources */,
				8043D4501E6D9E3C000098F1 /* AppDelegate.swift in Sources */,
			);
			runOnlyForDeploymentPostprocessing = 0;
		};
		8043D45F1E6D9E3C000098F1 /* Sources */ = {
			isa = PBXSourcesBuildPhase;
			buildActionMask = 2147483647;
			files = (
				8043D4681E6D9E3C000098F1 /* LetDoItTests.swift in Sources */,
			);
			runOnlyForDeploymentPostprocessing = 0;
		};
		8043D46A1E6D9E3C000098F1 /* Sources */ = {
			isa = PBXSourcesBuildPhase;
			buildActionMask = 2147483647;
			files = (
				8043D4731E6D9E3C000098F1 /* LetDoItUITests.swift in Sources */,
			);
			runOnlyForDeploymentPostprocessing = 0;
		};
/* End PBXSourcesBuildPhase section */

/* Begin PBXTargetDependency section */
		8043D4651E6D9E3C000098F1 /* PBXTargetDependency */ = {
			isa = PBXTargetDependency;
			target = 8043D44B1E6D9E3C000098F1 /* LetDoIt */;
			targetProxy = 8043D4641E6D9E3C000098F1 /* PBXContainerItemProxy */;
		};
		8043D4701E6D9E3C000098F1 /* PBXTargetDependency */ = {
			isa = PBXTargetDependency;
			target = 8043D44B1E6D9E3C000098F1 /* LetDoIt */;
			targetProxy = 8043D46F1E6D9E3C000098F1 /* PBXContainerItemProxy */;
		};
/* End PBXTargetDependency section */

/* Begin PBXVariantGroup section */
		8043D4531E6D9E3C000098F1 /* Main.storyboard */ = {
			isa = PBXVariantGroup;
			children = (
				8043D4541E6D9E3C000098F1 /* Base */,
			);
			name = Main.storyboard;
			sourceTree = "<group>";
		};
		8043D45B1E6D9E3C000098F1 /* LaunchScreen.storyboard */ = {
			isa = PBXVariantGroup;
			children = (
				8043D45C1E6D9E3C000098F1 /* Base */,
			);
			name = LaunchScreen.storyboard;
			sourceTree = "<group>";
		};
/* End PBXVariantGroup section */

/* Begin XCBuildConfiguration section */
		8043D4751E6D9E3C000098F1 /* Debug */ = {
			isa = XCBuildConfiguration;
			buildSettings = {
				ALWAYS_SEARCH_USER_PATHS = NO;
				CLANG_ANALYZER_NONNULL = YES;
				CLANG_CXX_LANGUAGE_STANDARD = "gnu++0x";
				CLANG_CXX_LIBRARY = "libc++";
				CLANG_ENABLE_MODULES = YES;
				CLANG_ENABLE_OBJC_ARC = YES;
				CLANG_WARN_BOOL_CONVERSION = YES;
				CLANG_WARN_CONSTANT_CONVERSION = YES;
				CLANG_WARN_DIRECT_OBJC_ISA_USAGE = YES_ERROR;
				CLANG_WARN_DOCUMENTATION_COMMENTS = YES;
				CLANG_WARN_EMPTY_BODY = YES;
				CLANG_WARN_ENUM_CONVERSION = YES;
				CLANG_WARN_INFINITE_RECURSION = YES;
				CLANG_WARN_INT_CONVERSION = YES;
				CLANG_WARN_OBJC_ROOT_CLASS = YES_ERROR;
				CLANG_WARN_SUSPICIOUS_MOVE = YES;
				CLANG_WARN_UNREACHABLE_CODE = YES;
				CLANG_WARN__DUPLICATE_METHOD_MATCH = YES;
				"CODE_SIGN_IDENTITY[sdk=iphoneos*]" = "iPhone Developer";
				COPY_PHASE_STRIP = NO;
				DEBUG_INFORMATION_FORMAT = dwarf;
				ENABLE_STRICT_OBJC_MSGSEND = YES;
				ENABLE_TESTABILITY = YES;
				GCC_C_LANGUAGE_STANDARD = gnu99;
				GCC_DYNAMIC_NO_PIC = NO;
				GCC_NO_COMMON_BLOCKS = YES;
				GCC_OPTIMIZATION_LEVEL = 0;
				GCC_PREPROCESSOR_DEFINITIONS = (
					"DEBUG=1",
					"$(inherited)",
				);
				GCC_WARN_64_TO_32_BIT_CONVERSION = YES;
				GCC_WARN_ABOUT_RETURN_TYPE = YES_ERROR;
				GCC_WARN_UNDECLARED_SELECTOR = YES;
				GCC_WARN_UNINITIALIZED_AUTOS = YES_AGGRESSIVE;
				GCC_WARN_UNUSED_FUNCTION = YES;
				GCC_WARN_UNUSED_VARIABLE = YES;
				IPHONEOS_DEPLOYMENT_TARGET = 10.2;
				MTL_ENABLE_DEBUG_INFO = YES;
				ONLY_ACTIVE_ARCH = YES;
				SDKROOT = iphoneos;
				SWIFT_ACTIVE_COMPILATION_CONDITIONS = DEBUG;
				SWIFT_OPTIMIZATION_LEVEL = "-Onone";
			};
			name = Debug;
		};
		8043D4761E6D9E3C000098F1 /* Release */ = {
			isa = XCBuildConfiguration;
			buildSettings = {
				ALWAYS_SEARCH_USER_PATHS = NO;
				CLANG_ANALYZER_NONNULL = YES;
				CLANG_CXX_LANGUAGE_STANDARD = "gnu++0x";
				CLANG_CXX_LIBRARY = "libc++";
				CLANG_ENABLE_MODULES = YES;
				CLANG_ENABLE_OBJC_ARC = YES;
				CLANG_WARN_BOOL_CONVERSION = YES;
				CLANG_WARN_CONSTANT_CONVERSION = YES;
				CLANG_WARN_DIRECT_OBJC_ISA_USAGE = YES_ERROR;
				CLANG_WARN_DOCUMENTATION_COMMENTS = YES;
				CLANG_WARN_EMPTY_BODY = YES;
				CLANG_WARN_ENUM_CONVERSION = YES;
				CLANG_WARN_INFINITE_RECURSION = YES;
				CLANG_WARN_INT_CONVERSION = YES;
				CLANG_WARN_OBJC_ROOT_CLASS = YES_ERROR;
				CLANG_WARN_SUSPICIOUS_MOVE = YES;
				CLANG_WARN_UNREACHABLE_CODE = YES;
				CLANG_WARN__DUPLICATE_METHOD_MATCH = YES;
				"CODE_SIGN_IDENTITY[sdk=iphoneos*]" = "iPhone Developer";
				COPY_PHASE_STRIP = NO;
				DEBUG_INFORMATION_FORMAT = "dwarf-with-dsym";
				ENABLE_NS_ASSERTIONS = NO;
				ENABLE_STRICT_OBJC_MSGSEND = YES;
				GCC_C_LANGUAGE_STANDARD = gnu99;
				GCC_NO_COMMON_BLOCKS = YES;
				GCC_WARN_64_TO_32_BIT_CONVERSION = YES;
				GCC_WARN_ABOUT_RETURN_TYPE = YES_ERROR;
				GCC_WARN_UNDECLARED_SELECTOR = YES;
				GCC_WARN_UNINITIALIZED_AUTOS = YES_AGGRESSIVE;
				GCC_WARN_UNUSED_FUNCTION = YES;
				GCC_WARN_UNUSED_VARIABLE = YES;
				IPHONEOS_DEPLOYMENT_TARGET = 10.2;
				MTL_ENABLE_DEBUG_INFO = NO;
				SDKROOT = iphoneos;
				SWIFT_OPTIMIZATION_LEVEL = "-Owholemodule";
				VALIDATE_PRODUCT = YES;
			};
			name = Release;
		};
		8043D4781E6D9E3C000098F1 /* Debug */ = {
			isa = XCBuildConfiguration;
			buildSettings = {
				ASSETCATALOG_COMPILER_APPICON_NAME = AppIcon;
				DEVELOPMENT_TEAM = 99WH395BKY;
				INFOPLIST_FILE = LetDoIt/Info.plist;
				LD_RUNPATH_SEARCH_PATHS = "$(inherited) @executable_path/Frameworks";
				PRODUCT_BUNDLE_IDENTIFIER = com.elder.LetDoIt;
				PRODUCT_NAME = "$(TARGET_NAME)";
				SWIFT_VERSION = 3.0;
			};
			name = Debug;
		};
		8043D4791E6D9E3C000098F1 /* Release */ = {
			isa = XCBuildConfiguration;
			buildSettings = {
				ASSETCATALOG_COMPILER_APPICON_NAME = AppIcon;
				DEVELOPMENT_TEAM = 99WH395BKY;
				INFOPLIST_FILE = LetDoIt/Info.plist;
				LD_RUNPATH_SEARCH_PATHS = "$(inherited) @executable_path/Frameworks";
				PRODUCT_BUNDLE_IDENTIFIER = com.elder.LetDoIt;
				PRODUCT_NAME = "$(TARGET_NAME)";
				SWIFT_VERSION = 3.0;
			};
			name = Release;
		};
		8043D47B1E6D9E3C000098F1 /* Debug */ = {
			isa = XCBuildConfiguration;
			buildSettings = {
				ALWAYS_EMBED_SWIFT_STANDARD_LIBRARIES = YES;
				BUNDLE_LOADER = "$(TEST_HOST)";
				DEVELOPMENT_TEAM = 99WH395BKY;
				INFOPLIST_FILE = LetDoItTests/Info.plist;
				LD_RUNPATH_SEARCH_PATHS = "$(inherited) @executable_path/Frameworks @loader_path/Frameworks";
				PRODUCT_BUNDLE_IDENTIFIER = com.elder.LetDoItTests;
				PRODUCT_NAME = "$(TARGET_NAME)";
				SWIFT_VERSION = 3.0;
				TEST_HOST = "$(BUILT_PRODUCTS_DIR)/LetDoIt.app/LetDoIt";
			};
			name = Debug;
		};
		8043D47C1E6D9E3C000098F1 /* Release */ = {
			isa = XCBuildConfiguration;
			buildSettings = {
				ALWAYS_EMBED_SWIFT_STANDARD_LIBRARIES = YES;
				BUNDLE_LOADER = "$(TEST_HOST)";
				DEVELOPMENT_TEAM = 99WH395BKY;
				INFOPLIST_FILE = LetDoItTests/Info.plist;
				LD_RUNPATH_SEARCH_PATHS = "$(inherited) @executable_path/Frameworks @loader_path/Frameworks";
				PRODUCT_BUNDLE_IDENTIFIER = com.elder.LetDoItTests;
				PRODUCT_NAME = "$(TARGET_NAME)";
				SWIFT_VERSION = 3.0;
				TEST_HOST = "$(BUILT_PRODUCTS_DIR)/LetDoIt.app/LetDoIt";
			};
			name = Release;
		};
		8043D47E1E6D9E3C000098F1 /* Debug */ = {
			isa = XCBuildConfiguration;
			buildSettings = {
				ALWAYS_EMBED_SWIFT_STANDARD_LIBRARIES = YES;
				DEVELOPMENT_TEAM = 99WH395BKY;
				INFOPLIST_FILE = LetDoItUITests/Info.plist;
				LD_RUNPATH_SEARCH_PATHS = "$(inherited) @executable_path/Frameworks @loader_path/Frameworks";
				PRODUCT_BUNDLE_IDENTIFIER = com.elder.LetDoItUITests;
				PRODUCT_NAME = "$(TARGET_NAME)";
				SWIFT_VERSION = 3.0;
				TEST_TARGET_NAME = LetDoIt;
			};
			name = Debug;
		};
		8043D47F1E6D9E3C000098F1 /* Release */ = {
			isa = XCBuildConfiguration;
			buildSettings = {
				ALWAYS_EMBED_SWIFT_STANDARD_LIBRARIES = YES;
				DEVELOPMENT_TEAM = 99WH395BKY;
				INFOPLIST_FILE = LetDoItUITests/Info.plist;
				LD_RUNPATH_SEARCH_PATHS = "$(inherited) @executable_path/Frameworks @loader_path/Frameworks";
				PRODUCT_BUNDLE_IDENTIFIER = com.elder.LetDoItUITests;
				PRODUCT_NAME = "$(TARGET_NAME)";
				SWIFT_VERSION = 3.0;
				TEST_TARGET_NAME = LetDoIt;
			};
			name = Release;
		};
/* End XCBuildConfiguration section */

/* Begin XCConfigurationList section */
		8043D4471E6D9E3C000098F1 /* Build configuration list for PBXProject "LetDoIt" */ = {
			isa = XCConfigurationList;
			buildConfigurations = (
				8043D4751E6D9E3C000098F1 /* Debug */,
				8043D4761E6D9E3C000098F1 /* Release */,
			);
			defaultConfigurationIsVisible = 0;
			defaultConfigurationName = Release;
		};
		8043D4771E6D9E3C000098F1 /* Build configuration list for PBXNativeTarget "LetDoIt" */ = {
			isa = XCConfigurationList;
			buildConfigurations = (
				8043D4781E6D9E3C000098F1 /* Debug */,
				8043D4791E6D9E3C000098F1 /* Release */,
			);
			defaultConfigurationIsVisible = 0;
		};
		8043D47A1E6D9E3C000098F1 /* Build configuration list for PBXNativeTarget "LetDoItTests" */ = {
			isa = XCConfigurationList;
			buildConfigurations = (
				8043D47B1E6D9E3C000098F1 /* Debug */,
				8043D47C1E6D9E3C000098F1 /* Release */,
			);
			defaultConfigurationIsVisible = 0;
		};
		8043D47D1E6D9E3C000098F1 /* Build configuration list for PBXNativeTarget "LetDoItUITests" */ = {
			isa = XCConfigurationList;
			buildConfigurations = (
				8043D47E1E6D9E3C000098F1 /* Debug */,
				8043D47F1E6D9E3C000098F1 /* Release */,
			);
			defaultConfigurationIsVisible = 0;
		};
/* End XCConfigurationList section */

/* Begin XCVersionGroup section */
		8043D4561E6D9E3C000098F1 /* LetDoIt.xcdatamodeld */ = {
			isa = XCVersionGroup;
			children = (
				8043D4571E6D9E3C000098F1 /* LetDoIt.xcdatamodel */,
			);
			currentVersion = 8043D4571E6D9E3C000098F1 /* LetDoIt.xcdatamodel */;
			path = LetDoIt.xcdatamodeld;
			sourceTree = "<group>";
			versionGroupType = wrapper.xcdatamodel;
		};
/* End XCVersionGroup section */
	};
	rootObject = 8043D4441E6D9E3C000098F1 /* Project object */;
}
